// !$*UTF8*$!
{
	archiveVersion = 1;
	classes = {
	};
	objectVersion = 56;
	objects = {

/* Begin PBXBuildFile section */
		BD0CEB502AB9836A002A3D02 /* StoryDetailScreen.swift in Sources */ = {isa = PBXBuildFile; fileRef = BD0CEB4F2AB9836A002A3D02 /* StoryDetailScreen.swift */; };
		BD15389F2ABD5D4F00E625CC /* StoryDetailView.swift in Sources */ = {isa = PBXBuildFile; fileRef = BD15389E2ABD5D4F00E625CC /* StoryDetailView.swift */; };
		BD1538A12ABD605400E625CC /* ProfileDetailSubView.swift in Sources */ = {isa = PBXBuildFile; fileRef = BD1538A02ABD605400E625CC /* ProfileDetailSubView.swift */; };
		BD1538A32ABD69F000E625CC /* Extension.swift in Sources */ = {isa = PBXBuildFile; fileRef = BD1538A22ABD69F000E625CC /* Extension.swift */; };
		BD3A543B2AB17B1A0001D33F /* ProfileModel.swift in Sources */ = {isa = PBXBuildFile; fileRef = BD3A543A2AB17B1A0001D33F /* ProfileModel.swift */; };
		BD3A543D2AB17BEF0001D33F /* ProfileViewModel.swift in Sources */ = {isa = PBXBuildFile; fileRef = BD3A543C2AB17BEF0001D33F /* ProfileViewModel.swift */; };
		BD4516712AB93C7900E74525 /* GoogleService-Info.plist in Resources */ = {isa = PBXBuildFile; fileRef = BD4516702AB93C7900E74525 /* GoogleService-Info.plist */; };
		BD4516732AB93FC300E74525 /* StorageManager.swift in Sources */ = {isa = PBXBuildFile; fileRef = BD4516722AB93FC300E74525 /* StorageManager.swift */; };
		BD4744642ABC752000B52B72 /* PostDetailView.swift in Sources */ = {isa = PBXBuildFile; fileRef = BD4744632ABC751F00B52B72 /* PostDetailView.swift */; };
		BD4B026E2AB81D3100351853 /* StoryImageScreen.swift in Sources */ = {isa = PBXBuildFile; fileRef = BD4B026D2AB81D3000351853 /* StoryImageScreen.swift */; };
		BD4E48592AB186D10000110F /* HomeScreen.swift in Sources */ = {isa = PBXBuildFile; fileRef = BD4E48582AB186D10000110F /* HomeScreen.swift */; };
		BD4E5F382AC14F9E00F44DE3 /* FirebaseAuth in Frameworks */ = {isa = PBXBuildFile; productRef = BD4E5F372AC14F9E00F44DE3 /* FirebaseAuth */; };
		BD4E5F3A2AC14F9E00F44DE3 /* FirebaseDatabase in Frameworks */ = {isa = PBXBuildFile; productRef = BD4E5F392AC14F9E00F44DE3 /* FirebaseDatabase */; };
		BD4E5F3C2AC14F9E00F44DE3 /* FirebaseDatabaseSwift-Beta in Frameworks */ = {isa = PBXBuildFile; productRef = BD4E5F3B2AC14F9E00F44DE3 /* FirebaseDatabaseSwift-Beta */; };
		BD4E5F3E2AC14F9E00F44DE3 /* FirebaseFirestoreSwift-Beta in Frameworks */ = {isa = PBXBuildFile; productRef = BD4E5F3D2AC14F9E00F44DE3 /* FirebaseFirestoreSwift-Beta */; };
		BD4E5F402AC14F9E00F44DE3 /* FirebaseStorage in Frameworks */ = {isa = PBXBuildFile; productRef = BD4E5F3F2AC14F9E00F44DE3 /* FirebaseStorage */; };
		BD4E5F422AC14F9E00F44DE3 /* FirebaseStorageCombine-Community in Frameworks */ = {isa = PBXBuildFile; productRef = BD4E5F412AC14F9E00F44DE3 /* FirebaseStorageCombine-Community */; };
		BD4E5F442AC14F9E00F44DE3 /* FirebaseStorageSwift-Beta in Frameworks */ = {isa = PBXBuildFile; productRef = BD4E5F432AC14F9E00F44DE3 /* FirebaseStorageSwift-Beta */; };
		BD55645F2AB437FF00467107 /* ImageZoomScreen.swift in Sources */ = {isa = PBXBuildFile; fileRef = BD55645E2AB437FF00467107 /* ImageZoomScreen.swift */; };
		BD791B222AC15FE500201647 /* SFPROREGULAR.OTF in Resources */ = {isa = PBXBuildFile; fileRef = BD791B212AC15FE500201647 /* SFPROREGULAR.OTF */; };
		BD791B262AC1B82400201647 /* CachedAsyncImage in Frameworks */ = {isa = PBXBuildFile; productRef = BD791B252AC1B82400201647 /* CachedAsyncImage */; };
		BD811E4D2AB0291F00C0AADD /* SocialMediaAppApp.swift in Sources */ = {isa = PBXBuildFile; fileRef = BD811E4C2AB0291F00C0AADD /* SocialMediaAppApp.swift */; };
		BD811E4F2AB0291F00C0AADD /* ProfileDetailView.swift in Sources */ = {isa = PBXBuildFile; fileRef = BD811E4E2AB0291F00C0AADD /* ProfileDetailView.swift */; };
		BD811E512AB0292200C0AADD /* Assets.xcassets in Resources */ = {isa = PBXBuildFile; fileRef = BD811E502AB0292200C0AADD /* Assets.xcassets */; };
		BD811E542AB0292200C0AADD /* Preview Assets.xcassets in Resources */ = {isa = PBXBuildFile; fileRef = BD811E532AB0292200C0AADD /* Preview Assets.xcassets */; };
/* End PBXBuildFile section */

/* Begin PBXFileReference section */
		BD0CEB4F2AB9836A002A3D02 /* StoryDetailScreen.swift */ = {isa = PBXFileReference; lastKnownFileType = sourcecode.swift; path = StoryDetailScreen.swift; sourceTree = "<group>"; };
		BD15389E2ABD5D4F00E625CC /* StoryDetailView.swift */ = {isa = PBXFileReference; lastKnownFileType = sourcecode.swift; path = StoryDetailView.swift; sourceTree = "<group>"; };
		BD1538A02ABD605400E625CC /* ProfileDetailSubView.swift */ = {isa = PBXFileReference; lastKnownFileType = sourcecode.swift; path = ProfileDetailSubView.swift; sourceTree = "<group>"; };
		BD1538A22ABD69F000E625CC /* Extension.swift */ = {isa = PBXFileReference; lastKnownFileType = sourcecode.swift; path = Extension.swift; sourceTree = "<group>"; };
		BD3A543A2AB17B1A0001D33F /* ProfileModel.swift */ = {isa = PBXFileReference; lastKnownFileType = sourcecode.swift; path = ProfileModel.swift; sourceTree = "<group>"; };
		BD3A543C2AB17BEF0001D33F /* ProfileViewModel.swift */ = {isa = PBXFileReference; lastKnownFileType = sourcecode.swift; path = ProfileViewModel.swift; sourceTree = "<group>"; };
		BD4516702AB93C7900E74525 /* GoogleService-Info.plist */ = {isa = PBXFileReference; fileEncoding = 4; lastKnownFileType = text.plist.xml; path = "GoogleService-Info.plist"; sourceTree = "<group>"; };
		BD4516722AB93FC300E74525 /* StorageManager.swift */ = {isa = PBXFileReference; lastKnownFileType = sourcecode.swift; path = StorageManager.swift; sourceTree = "<group>"; };
		BD4744632ABC751F00B52B72 /* PostDetailView.swift */ = {isa = PBXFileReference; lastKnownFileType = sourcecode.swift; path = PostDetailView.swift; sourceTree = "<group>"; };
		BD4B026D2AB81D3000351853 /* StoryImageScreen.swift */ = {isa = PBXFileReference; lastKnownFileType = sourcecode.swift; path = StoryImageScreen.swift; sourceTree = "<group>"; };
		BD4E48582AB186D10000110F /* HomeScreen.swift */ = {isa = PBXFileReference; lastKnownFileType = sourcecode.swift; path = HomeScreen.swift; sourceTree = "<group>"; };
		BD55645E2AB437FF00467107 /* ImageZoomScreen.swift */ = {isa = PBXFileReference; lastKnownFileType = sourcecode.swift; path = ImageZoomScreen.swift; sourceTree = "<group>"; };
		BD791B212AC15FE500201647 /* SFPROREGULAR.OTF */ = {isa = PBXFileReference; lastKnownFileType = file; path = SFPROREGULAR.OTF; sourceTree = "<group>"; };
		BD791B232AC1603E00201647 /* Info.plist */ = {isa = PBXFileReference; lastKnownFileType = text.plist; path = Info.plist; sourceTree = "<group>"; };
		BD811E492AB0291F00C0AADD /* SocialMediaApp.app */ = {isa = PBXFileReference; explicitFileType = wrapper.application; includeInIndex = 0; path = SocialMediaApp.app; sourceTree = BUILT_PRODUCTS_DIR; };
		BD811E4C2AB0291F00C0AADD /* SocialMediaAppApp.swift */ = {isa = PBXFileReference; lastKnownFileType = sourcecode.swift; path = SocialMediaAppApp.swift; sourceTree = "<group>"; };
		BD811E4E2AB0291F00C0AADD /* ProfileDetailView.swift */ = {isa = PBXFileReference; lastKnownFileType = sourcecode.swift; path = ProfileDetailView.swift; sourceTree = "<group>"; };
		BD811E502AB0292200C0AADD /* Assets.xcassets */ = {isa = PBXFileReference; lastKnownFileType = folder.assetcatalog; path = Assets.xcassets; sourceTree = "<group>"; };
		BD811E532AB0292200C0AADD /* Preview Assets.xcassets */ = {isa = PBXFileReference; lastKnownFileType = folder.assetcatalog; path = "Preview Assets.xcassets"; sourceTree = "<group>"; };
/* End PBXFileReference section */

/* Begin PBXFrameworksBuildPhase section */
		BD811E462AB0291F00C0AADD /* Frameworks */ = {
			isa = PBXFrameworksBuildPhase;
			buildActionMask = 2147483647;
			files = (
				BD4E5F3C2AC14F9E00F44DE3 /* FirebaseDatabaseSwift-Beta in Frameworks */,
				BD791B262AC1B82400201647 /* CachedAsyncImage in Frameworks */,
				BD4E5F3E2AC14F9E00F44DE3 /* FirebaseFirestoreSwift-Beta in Frameworks */,
				BD4E5F3A2AC14F9E00F44DE3 /* FirebaseDatabase in Frameworks */,
				BD4E5F402AC14F9E00F44DE3 /* FirebaseStorage in Frameworks */,
				BD4E5F422AC14F9E00F44DE3 /* FirebaseStorageCombine-Community in Frameworks */,
				BD4E5F442AC14F9E00F44DE3 /* FirebaseStorageSwift-Beta in Frameworks */,
				BD4E5F382AC14F9E00F44DE3 /* FirebaseAuth in Frameworks */,
			);
			runOnlyForDeploymentPostprocessing = 0;
		};
/* End PBXFrameworksBuildPhase section */

/* Begin PBXGroup section */
		BD15389B2ABD599F00E625CC /* Helper */ = {
			isa = PBXGroup;
			children = (
				BD4516722AB93FC300E74525 /* StorageManager.swift */,
				BD1538A22ABD69F000E625CC /* Extension.swift */,
			);
			path = Helper;
			sourceTree = "<group>";
		};
		BD30E5392AB17A200058EBCF /* Model */ = {
			isa = PBXGroup;
			children = (
				BD3A543A2AB17B1A0001D33F /* ProfileModel.swift */,
			);
			path = Model;
			sourceTree = "<group>";
		};
		BD30E53A2AB17A2A0058EBCF /* View */ = {
			isa = PBXGroup;
			children = (
				BD811E4E2AB0291F00C0AADD /* ProfileDetailView.swift */,
				BD4E48582AB186D10000110F /* HomeScreen.swift */,
				BD55645E2AB437FF00467107 /* ImageZoomScreen.swift */,
				BD4B026D2AB81D3000351853 /* StoryImageScreen.swift */,
				BD0CEB4F2AB9836A002A3D02 /* StoryDetailScreen.swift */,
				BD4744632ABC751F00B52B72 /* PostDetailView.swift */,
				BD15389E2ABD5D4F00E625CC /* StoryDetailView.swift */,
				BD1538A02ABD605400E625CC /* ProfileDetailSubView.swift */,
			);
			path = View;
			sourceTree = "<group>";
		};
		BD30E53B2AB17A330058EBCF /* ViewModel */ = {
			isa = PBXGroup;
			children = (
				BD3A543C2AB17BEF0001D33F /* ProfileViewModel.swift */,
			);
			path = ViewModel;
			sourceTree = "<group>";
		};
		BD811E402AB0291F00C0AADD = {
			isa = PBXGroup;
			children = (
				BD811E4B2AB0291F00C0AADD /* SocialMediaApp */,
				BD811E4A2AB0291F00C0AADD /* Products */,
			);
			sourceTree = "<group>";
		};
		BD811E4A2AB0291F00C0AADD /* Products */ = {
			isa = PBXGroup;
			children = (
				BD811E492AB0291F00C0AADD /* SocialMediaApp.app */,
			);
			name = Products;
			sourceTree = "<group>";
		};
		BD811E4B2AB0291F00C0AADD /* SocialMediaApp */ = {
			isa = PBXGroup;
			children = (
				BD791B232AC1603E00201647 /* Info.plist */,
				BD791B212AC15FE500201647 /* SFPROREGULAR.OTF */,
				BD15389B2ABD599F00E625CC /* Helper */,
				BD4516702AB93C7900E74525 /* GoogleService-Info.plist */,
				BD30E53B2AB17A330058EBCF /* ViewModel */,
				BD30E53A2AB17A2A0058EBCF /* View */,
				BD30E5392AB17A200058EBCF /* Model */,
				BD811E4C2AB0291F00C0AADD /* SocialMediaAppApp.swift */,
				BD811E502AB0292200C0AADD /* Assets.xcassets */,
				BD811E522AB0292200C0AADD /* Preview Content */,
			);
			path = SocialMediaApp;
			sourceTree = "<group>";
		};
		BD811E522AB0292200C0AADD /* Preview Content */ = {
			isa = PBXGroup;
			children = (
				BD811E532AB0292200C0AADD /* Preview Assets.xcassets */,
			);
			path = "Preview Content";
			sourceTree = "<group>";
		};
/* End PBXGroup section */

/* Begin PBXNativeTarget section */
		BD811E482AB0291F00C0AADD /* SocialMediaApp */ = {
			isa = PBXNativeTarget;
			buildConfigurationList = BD811E572AB0292200C0AADD /* Build configuration list for PBXNativeTarget "SocialMediaApp" */;
			buildPhases = (
				BD811E452AB0291F00C0AADD /* Sources */,
				BD811E462AB0291F00C0AADD /* Frameworks */,
				BD811E472AB0291F00C0AADD /* Resources */,
			);
			buildRules = (
			);
			dependencies = (
			);
			name = SocialMediaApp;
			packageProductDependencies = (
				BD4E5F372AC14F9E00F44DE3 /* FirebaseAuth */,
				BD4E5F392AC14F9E00F44DE3 /* FirebaseDatabase */,
				BD4E5F3B2AC14F9E00F44DE3 /* FirebaseDatabaseSwift-Beta */,
				BD4E5F3D2AC14F9E00F44DE3 /* FirebaseFirestoreSwift-Beta */,
				BD4E5F3F2AC14F9E00F44DE3 /* FirebaseStorage */,
				BD4E5F412AC14F9E00F44DE3 /* FirebaseStorageCombine-Community */,
				BD4E5F432AC14F9E00F44DE3 /* FirebaseStorageSwift-Beta */,
				BD791B252AC1B82400201647 /* CachedAsyncImage */,
			);
			productName = SocialMediaApp;
			productReference = BD811E492AB0291F00C0AADD /* SocialMediaApp.app */;
			productType = "com.apple.product-type.application";
		};
/* End PBXNativeTarget section */

/* Begin PBXProject section */
		BD811E412AB0291F00C0AADD /* Project object */ = {
			isa = PBXProject;
			attributes = {
				BuildIndependentTargetsInParallel = 1;
				LastSwiftUpdateCheck = 1420;
				LastUpgradeCheck = 1420;
				TargetAttributes = {
					BD811E482AB0291F00C0AADD = {
						CreatedOnToolsVersion = 14.2;
					};
				};
			};
			buildConfigurationList = BD811E442AB0291F00C0AADD /* Build configuration list for PBXProject "SocialMediaApp" */;
			compatibilityVersion = "Xcode 14.0";
			developmentRegion = en;
			hasScannedForEncodings = 0;
			knownRegions = (
				en,
				Base,
			);
			mainGroup = BD811E402AB0291F00C0AADD;
			packageReferences = (
				BD4E5F362AC14F9E00F44DE3 /* XCRemoteSwiftPackageReference "firebase-ios-sdk" */,
				BD791B242AC1B82400201647 /* XCRemoteSwiftPackageReference "swiftui-cached-async-image" */,
			);
			productRefGroup = BD811E4A2AB0291F00C0AADD /* Products */;
			projectDirPath = "";
			projectRoot = "";
			targets = (
				BD811E482AB0291F00C0AADD /* SocialMediaApp */,
			);
		};
/* End PBXProject section */

/* Begin PBXResourcesBuildPhase section */
		BD811E472AB0291F00C0AADD /* Resources */ = {
			isa = PBXResourcesBuildPhase;
			buildActionMask = 2147483647;
			files = (
				BD791B222AC15FE500201647 /* SFPROREGULAR.OTF in Resources */,
				BD811E542AB0292200C0AADD /* Preview Assets.xcassets in Resources */,
				BD811E512AB0292200C0AADD /* Assets.xcassets in Resources */,
				BD4516712AB93C7900E74525 /* GoogleService-Info.plist in Resources */,
			);
			runOnlyForDeploymentPostprocessing = 0;
		};
/* End PBXResourcesBuildPhase section */

/* Begin PBXSourcesBuildPhase section */
		BD811E452AB0291F00C0AADD /* Sources */ = {
			isa = PBXSourcesBuildPhase;
			buildActionMask = 2147483647;
			files = (
				BD55645F2AB437FF00467107 /* ImageZoomScreen.swift in Sources */,
				BD4744642ABC752000B52B72 /* PostDetailView.swift in Sources */,
				BD3A543B2AB17B1A0001D33F /* ProfileModel.swift in Sources */,
				BD15389F2ABD5D4F00E625CC /* StoryDetailView.swift in Sources */,
				BD4E48592AB186D10000110F /* HomeScreen.swift in Sources */,
				BD811E4F2AB0291F00C0AADD /* ProfileDetailView.swift in Sources */,
				BD3A543D2AB17BEF0001D33F /* ProfileViewModel.swift in Sources */,
				BD1538A12ABD605400E625CC /* ProfileDetailSubView.swift in Sources */,
				BD1538A32ABD69F000E625CC /* Extension.swift in Sources */,
				BD4B026E2AB81D3100351853 /* StoryImageScreen.swift in Sources */,
				BD811E4D2AB0291F00C0AADD /* SocialMediaAppApp.swift in Sources */,
				BD0CEB502AB9836A002A3D02 /* StoryDetailScreen.swift in Sources */,
				BD4516732AB93FC300E74525 /* StorageManager.swift in Sources */,
			);
			runOnlyForDeploymentPostprocessing = 0;
		};
/* End PBXSourcesBuildPhase section */

/* Begin XCBuildConfiguration section */
		BD811E552AB0292200C0AADD /* Debug */ = {
			isa = XCBuildConfiguration;
			buildSettings = {
				ALWAYS_SEARCH_USER_PATHS = NO;
				CLANG_ANALYZER_NONNULL = YES;
				CLANG_ANALYZER_NUMBER_OBJECT_CONVERSION = YES_AGGRESSIVE;
				CLANG_CXX_LANGUAGE_STANDARD = "gnu++20";
				CLANG_ENABLE_MODULES = YES;
				CLANG_ENABLE_OBJC_ARC = YES;
				CLANG_ENABLE_OBJC_WEAK = YES;
				CLANG_WARN_BLOCK_CAPTURE_AUTORELEASING = YES;
				CLANG_WARN_BOOL_CONVERSION = YES;
				CLANG_WARN_COMMA = YES;
				CLANG_WARN_CONSTANT_CONVERSION = YES;
				CLANG_WARN_DEPRECATED_OBJC_IMPLEMENTATIONS = YES;
				CLANG_WARN_DIRECT_OBJC_ISA_USAGE = YES_ERROR;
				CLANG_WARN_DOCUMENTATION_COMMENTS = YES;
				CLANG_WARN_EMPTY_BODY = YES;
				CLANG_WARN_ENUM_CONVERSION = YES;
				CLANG_WARN_INFINITE_RECURSION = YES;
				CLANG_WARN_INT_CONVERSION = YES;
				CLANG_WARN_NON_LITERAL_NULL_CONVERSION = YES;
				CLANG_WARN_OBJC_IMPLICIT_RETAIN_SELF = YES;
				CLANG_WARN_OBJC_LITERAL_CONVERSION = YES;
				CLANG_WARN_OBJC_ROOT_CLASS = YES_ERROR;
				CLANG_WARN_QUOTED_INCLUDE_IN_FRAMEWORK_HEADER = YES;
				CLANG_WARN_RANGE_LOOP_ANALYSIS = YES;
				CLANG_WARN_STRICT_PROTOTYPES = YES;
				CLANG_WARN_SUSPICIOUS_MOVE = YES;
				CLANG_WARN_UNGUARDED_AVAILABILITY = YES_AGGRESSIVE;
				CLANG_WARN_UNREACHABLE_CODE = YES;
				CLANG_WARN__DUPLICATE_METHOD_MATCH = YES;
				COPY_PHASE_STRIP = NO;
				DEBUG_INFORMATION_FORMAT = dwarf;
				ENABLE_STRICT_OBJC_MSGSEND = YES;
				ENABLE_TESTABILITY = YES;
				GCC_C_LANGUAGE_STANDARD = gnu11;
				GCC_DYNAMIC_NO_PIC = NO;
				GCC_NO_COMMON_BLOCKS = YES;
				GCC_OPTIMIZATION_LEVEL = 0;
				GCC_PREPROCESSOR_DEFINITIONS = (
					"DEBUG=1",
					"$(inherited)",
				);
				GCC_WARN_64_TO_32_BIT_CONVERSION = YES;
				GCC_WARN_ABOUT_RETURN_TYPE = YES_ERROR;
				GCC_WARN_UNDECLARED_SELECTOR = YES;
				GCC_WARN_UNINITIALIZED_AUTOS = YES_AGGRESSIVE;
				GCC_WARN_UNUSED_FUNCTION = YES;
				GCC_WARN_UNUSED_VARIABLE = YES;
				IPHONEOS_DEPLOYMENT_TARGET = 16.2;
				MTL_ENABLE_DEBUG_INFO = INCLUDE_SOURCE;
				MTL_FAST_MATH = YES;
				ONLY_ACTIVE_ARCH = YES;
				SDKROOT = iphoneos;
				SWIFT_ACTIVE_COMPILATION_CONDITIONS = DEBUG;
				SWIFT_OPTIMIZATION_LEVEL = "-Onone";
			};
			name = Debug;
		};
		BD811E562AB0292200C0AADD /* Release */ = {
			isa = XCBuildConfiguration;
			buildSettings = {
				ALWAYS_SEARCH_USER_PATHS = NO;
				CLANG_ANALYZER_NONNULL = YES;
				CLANG_ANALYZER_NUMBER_OBJECT_CONVERSION = YES_AGGRESSIVE;
				CLANG_CXX_LANGUAGE_STANDARD = "gnu++20";
				CLANG_ENABLE_MODULES = YES;
				CLANG_ENABLE_OBJC_ARC = YES;
				CLANG_ENABLE_OBJC_WEAK = YES;
				CLANG_WARN_BLOCK_CAPTURE_AUTORELEASING = YES;
				CLANG_WARN_BOOL_CONVERSION = YES;
				CLANG_WARN_COMMA = YES;
				CLANG_WARN_CONSTANT_CONVERSION = YES;
				CLANG_WARN_DEPRECATED_OBJC_IMPLEMENTATIONS = YES;
				CLANG_WARN_DIRECT_OBJC_ISA_USAGE = YES_ERROR;
				CLANG_WARN_DOCUMENTATION_COMMENTS = YES;
				CLANG_WARN_EMPTY_BODY = YES;
				CLANG_WARN_ENUM_CONVERSION = YES;
				CLANG_WARN_INFINITE_RECURSION = YES;
				CLANG_WARN_INT_CONVERSION = YES;
				CLANG_WARN_NON_LITERAL_NULL_CONVERSION = YES;
				CLANG_WARN_OBJC_IMPLICIT_RETAIN_SELF = YES;
				CLANG_WARN_OBJC_LITERAL_CONVERSION = YES;
				CLANG_WARN_OBJC_ROOT_CLASS = YES_ERROR;
				CLANG_WARN_QUOTED_INCLUDE_IN_FRAMEWORK_HEADER = YES;
				CLANG_WARN_RANGE_LOOP_ANALYSIS = YES;
				CLANG_WARN_STRICT_PROTOTYPES = YES;
				CLANG_WARN_SUSPICIOUS_MOVE = YES;
				CLANG_WARN_UNGUARDED_AVAILABILITY = YES_AGGRESSIVE;
				CLANG_WARN_UNREACHABLE_CODE = YES;
				CLANG_WARN__DUPLICATE_METHOD_MATCH = YES;
				COPY_PHASE_STRIP = NO;
				DEBUG_INFORMATION_FORMAT = "dwarf-with-dsym";
				ENABLE_NS_ASSERTIONS = NO;
				ENABLE_STRICT_OBJC_MSGSEND = YES;
				GCC_C_LANGUAGE_STANDARD = gnu11;
				GCC_NO_COMMON_BLOCKS = YES;
				GCC_WARN_64_TO_32_BIT_CONVERSION = YES;
				GCC_WARN_ABOUT_RETURN_TYPE = YES_ERROR;
				GCC_WARN_UNDECLARED_SELECTOR = YES;
				GCC_WARN_UNINITIALIZED_AUTOS = YES_AGGRESSIVE;
				GCC_WARN_UNUSED_FUNCTION = YES;
				GCC_WARN_UNUSED_VARIABLE = YES;
				IPHONEOS_DEPLOYMENT_TARGET = 16.2;
				MTL_ENABLE_DEBUG_INFO = NO;
				MTL_FAST_MATH = YES;
				SDKROOT = iphoneos;
				SWIFT_COMPILATION_MODE = wholemodule;
				SWIFT_OPTIMIZATION_LEVEL = "-O";
				VALIDATE_PRODUCT = YES;
			};
			name = Release;
		};
		BD811E582AB0292200C0AADD /* Debug */ = {
			isa = XCBuildConfiguration;
			buildSettings = {
				ASSETCATALOG_COMPILER_APPICON_NAME = AppIcon;
				ASSETCATALOG_COMPILER_GLOBAL_ACCENT_COLOR_NAME = AccentColor;
				CODE_SIGN_STYLE = Automatic;
				CURRENT_PROJECT_VERSION = 1;
				DEVELOPMENT_ASSET_PATHS = "\"SocialMediaApp/Preview Content\"";
				ENABLE_PREVIEWS = YES;
				GENERATE_INFOPLIST_FILE = YES;
				INFOPLIST_FILE = SocialMediaApp/Info.plist;
				INFOPLIST_KEY_UIApplicationSceneManifest_Generation = YES;
				INFOPLIST_KEY_UIApplicationSupportsIndirectInputEvents = YES;
				INFOPLIST_KEY_UILaunchScreen_Generation = YES;
				INFOPLIST_KEY_UISupportedInterfaceOrientations_iPad = "UIInterfaceOrientationPortrait UIInterfaceOrientationPortraitUpsideDown UIInterfaceOrientationLandscapeLeft UIInterfaceOrientationLandscapeRight";
				INFOPLIST_KEY_UISupportedInterfaceOrientations_iPhone = "UIInterfaceOrientationPortrait UIInterfaceOrientationLandscapeLeft UIInterfaceOrientationLandscapeRight";
				LD_RUNPATH_SEARCH_PATHS = (
					"$(inherited)",
					"@executable_path/Frameworks",
				);
				MARKETING_VERSION = 1.0;
				PRODUCT_BUNDLE_IDENTIFIER = "shruti-parmar.SocialMediaApp";
				PRODUCT_NAME = "$(TARGET_NAME)";
				SWIFT_EMIT_LOC_STRINGS = YES;
				SWIFT_VERSION = 5.0;
				TARGETED_DEVICE_FAMILY = "1,2";
			};
			name = Debug;
		};
		BD811E592AB0292200C0AADD /* Release */ = {
			isa = XCBuildConfiguration;
			buildSettings = {
				ASSETCATALOG_COMPILER_APPICON_NAME = AppIcon;
				ASSETCATALOG_COMPILER_GLOBAL_ACCENT_COLOR_NAME = AccentColor;
				CODE_SIGN_STYLE = Automatic;
				CURRENT_PROJECT_VERSION = 1;
				DEVELOPMENT_ASSET_PATHS = "\"SocialMediaApp/Preview Content\"";
				ENABLE_PREVIEWS = YES;
				GENERATE_INFOPLIST_FILE = YES;
				INFOPLIST_FILE = SocialMediaApp/Info.plist;
				INFOPLIST_KEY_UIApplicationSceneManifest_Generation = YES;
				INFOPLIST_KEY_UIApplicationSupportsIndirectInputEvents = YES;
				INFOPLIST_KEY_UILaunchScreen_Generation = YES;
				INFOPLIST_KEY_UISupportedInterfaceOrientations_iPad = "UIInterfaceOrientationPortrait UIInterfaceOrientationPortraitUpsideDown UIInterfaceOrientationLandscapeLeft UIInterfaceOrientationLandscapeRight";
				INFOPLIST_KEY_UISupportedInterfaceOrientations_iPhone = "UIInterfaceOrientationPortrait UIInterfaceOrientationLandscapeLeft UIInterfaceOrientationLandscapeRight";
				LD_RUNPATH_SEARCH_PATHS = (
					"$(inherited)",
					"@executable_path/Frameworks",
				);
				MARKETING_VERSION = 1.0;
				PRODUCT_BUNDLE_IDENTIFIER = "shruti-parmar.SocialMediaApp";
				PRODUCT_NAME = "$(TARGET_NAME)";
				SWIFT_EMIT_LOC_STRINGS = YES;
				SWIFT_VERSION = 5.0;
				TARGETED_DEVICE_FAMILY = "1,2";
			};
			name = Release;
		};
/* End XCBuildConfiguration section */

/* Begin XCConfigurationList section */
		BD811E442AB0291F00C0AADD /* Build configuration list for PBXProject "SocialMediaApp" */ = {
			isa = XCConfigurationList;
			buildConfigurations = (
				BD811E552AB0292200C0AADD /* Debug */,
				BD811E562AB0292200C0AADD /* Release */,
			);
			defaultConfigurationIsVisible = 0;
			defaultConfigurationName = Release;
		};
		BD811E572AB0292200C0AADD /* Build configuration list for PBXNativeTarget "SocialMediaApp" */ = {
			isa = XCConfigurationList;
			buildConfigurations = (
				BD811E582AB0292200C0AADD /* Debug */,
				BD811E592AB0292200C0AADD /* Release */,
			);
			defaultConfigurationIsVisible = 0;
			defaultConfigurationName = Release;
		};
/* End XCConfigurationList section */

/* Begin XCRemoteSwiftPackageReference section */
		BD4E5F362AC14F9E00F44DE3 /* XCRemoteSwiftPackageReference "firebase-ios-sdk" */ = {
			isa = XCRemoteSwiftPackageReference;
			repositoryURL = "https://github.com/firebase/firebase-ios-sdk.git";
			requirement = {
				kind = upToNextMajorVersion;
				minimumVersion = 8.11.0;
			};
		};
		BD791B242AC1B82400201647 /* XCRemoteSwiftPackageReference "swiftui-cached-async-image" */ = {
			isa = XCRemoteSwiftPackageReference;
			repositoryURL = "https://github.com/lorenzofiamingo/swiftui-cached-async-image";
			requirement = {
				kind = upToNextMajorVersion;
				minimumVersion = 2.0.0;
			};
		};
/* End XCRemoteSwiftPackageReference section */

/* Begin XCSwiftPackageProductDependency section */
		BD4E5F372AC14F9E00F44DE3 /* FirebaseAuth */ = {
			isa = XCSwiftPackageProductDependency;
			package = BD4E5F362AC14F9E00F44DE3 /* XCRemoteSwiftPackageReference "firebase-ios-sdk" */;
			productName = FirebaseAuth;
		};
		BD4E5F392AC14F9E00F44DE3 /* FirebaseDatabase */ = {
			isa = XCSwiftPackageProductDependency;
			package = BD4E5F362AC14F9E00F44DE3 /* XCRemoteSwiftPackageReference "firebase-ios-sdk" */;
			productName = FirebaseDatabase;
		};
		BD4E5F3B2AC14F9E00F44DE3 /* FirebaseDatabaseSwift-Beta */ = {
			isa = XCSwiftPackageProductDependency;
			package = BD4E5F362AC14F9E00F44DE3 /* XCRemoteSwiftPackageReference "firebase-ios-sdk" */;
			productName = "FirebaseDatabaseSwift-Beta";
		};
		BD4E5F3D2AC14F9E00F44DE3 /* FirebaseFirestoreSwift-Beta */ = {
			isa = XCSwiftPackageProductDependency;
			package = BD4E5F362AC14F9E00F44DE3 /* XCRemoteSwiftPackageReference "firebase-ios-sdk" */;
			productName = "FirebaseFirestoreSwift-Beta";
		};
		BD4E5F3F2AC14F9E00F44DE3 /* FirebaseStorage */ = {
			isa = XCSwiftPackageProductDependency;
			package = BD4E5F362AC14F9E00F44DE3 /* XCRemoteSwiftPackageReference "firebase-ios-sdk" */;
			productName = FirebaseStorage;
		};
		BD4E5F412AC14F9E00F44DE3 /* FirebaseStorageCombine-Community */ = {
			isa = XCSwiftPackageProductDependency;
			package = BD4E5F362AC14F9E00F44DE3 /* XCRemoteSwiftPackageReference "firebase-ios-sdk" */;
			productName = "FirebaseStorageCombine-Community";
		};
		BD4E5F432AC14F9E00F44DE3 /* FirebaseStorageSwift-Beta */ = {
			isa = XCSwiftPackageProductDependency;
			package = BD4E5F362AC14F9E00F44DE3 /* XCRemoteSwiftPackageReference "firebase-ios-sdk" */;
			productName = "FirebaseStorageSwift-Beta";
		};
		BD791B252AC1B82400201647 /* CachedAsyncImage */ = {
			isa = XCSwiftPackageProductDependency;
			package = BD791B242AC1B82400201647 /* XCRemoteSwiftPackageReference "swiftui-cached-async-image" */;
			productName = CachedAsyncImage;
		};
/* End XCSwiftPackageProductDependency section */
	};
	rootObject = BD811E412AB0291F00C0AADD /* Project object */;
}
